
Microsoft Visual Studio Solution File, Format Version 12.00
# Visual Studio 15
VisualStudioVersion = 15.0.28010.2019
MinimumVisualStudioVersion = 10.0.40219.1
Project("{FAE04EC0-301F-11D3-BF4B-00C04F79EFBC}") = "SignalRTest", "SignalRTest\SignalRTest.csproj", "{626B0C43-0B13-4403-BB69-9C9BBDAE434F}"
EndProject
Global
	GlobalSection(SolutionConfigurationPlatforms) = preSolution
		Debug|Any CPU = Debug|Any CPU
		Release|Any CPU = Release|Any CPU
	EndGlobalSection
	GlobalSection(ProjectConfigurationPlatforms) = postSolution
		{626B0C43-0B13-4403-BB69-9C9BBDAE434F}.Debug|Any CPU.ActiveCfg = Debug|Any CPU
		{626B0C43-0B13-4403-BB69-9C9BBDAE434F}.Debug|Any CPU.Build.0 = Debug|Any CPU
		{626B0C43-0B13-4403-BB69-9C9BBDAE434F}.Release|Any CPU.ActiveCfg = Release|Any CPU
		{626B0C43-0B13-4403-BB69-9C9BBDAE434F}.Release|Any CPU.Build.0 = Release|Any CPU
	EndGlobalSection
	GlobalSection(SolutionProperties) = preSolution
		HideSolutionNode = FALSE
	EndGlobalSection
	GlobalSection(ExtensibilityGlobals) = postSolution
		SolutionGuid = {3497CD98-4705-4F91-B564-43C97CF159DD}
	EndGlobalSection
EndGlobal
